
Microsoft Visual Studio Solution File, Format Version 12.00
# Visual Studio Version 17
VisualStudioVersion = 17.4.33205.214
MinimumVisualStudioVersion = 10.0.40219.1
Project("{FAE04EC0-301F-11D3-BF4B-00C04F79EFBC}") = "RockScissorsPaper", "RockScissorsPaper.csproj", "{5F9B5AB9-7D28-4816-9D40-BBA7946BF0F4}"
EndProject
Global
	GlobalSection(SolutionConfigurationPlatforms) = preSolution
		Debug|Any CPU = Debug|Any CPU
		Release|Any CPU = Release|Any CPU
	EndGlobalSection
	GlobalSection(ProjectConfigurationPlatforms) = postSolution
		{5F9B5AB9-7D28-4816-9D40-BBA7946BF0F4}.Debug|Any CPU.ActiveCfg = Debug|Any CPU
		{5F9B5AB9-7D28-4816-9D40-BBA7946BF0F4}.Debug|Any CPU.Build.0 = Debug|Any CPU
		{5F9B5AB9-7D28-4816-9D40-BBA7946BF0F4}.Release|Any CPU.ActiveCfg = Release|Any CPU
		{5F9B5AB9-7D28-4816-9D40-BBA7946BF0F4}.Release|Any CPU.Build.0 = Release|Any CPU
	EndGlobalSection
	GlobalSection(SolutionProperties) = preSolution
		HideSolutionNode = FALSE
	EndGlobalSection
	GlobalSection(ExtensibilityGlobals) = postSolution
		SolutionGuid = {CDAEF9E7-9035-47EF-9CFD-FBE8D64318DF}
	EndGlobalSection
EndGlobal
